
Microsoft Visual Studio Solution File, Format Version 12.00
# Visual Studio Version 17
VisualStudioVersion = 17.4.33122.133
MinimumVisualStudioVersion = 10.0.40219.1
Project("{FAE04EC0-301F-11D3-BF4B-00C04F79EFBC}") = "Mars", "Mars\Mars.csproj", "{26F60845-31AD-4857-A0E7-55B324577B21}"
EndProject
Global
	GlobalSection(SolutionConfigurationPlatforms) = preSolution
		Debug|Any CPU = Debug|Any CPU
		Release|Any CPU = Release|Any CPU
	EndGlobalSection
	GlobalSection(ProjectConfigurationPlatforms) = postSolution
		{26F60845-31AD-4857-A0E7-55B324577B21}.Debug|Any CPU.ActiveCfg = Debug|Any CPU
		{26F60845-31AD-4857-A0E7-55B324577B21}.Debug|Any CPU.Build.0 = Debug|Any CPU
		{26F60845-31AD-4857-A0E7-55B324577B21}.Release|Any CPU.ActiveCfg = Release|Any CPU
		{26F60845-31AD-4857-A0E7-55B324577B21}.Release|Any CPU.Build.0 = Release|Any CPU
	EndGlobalSection
	GlobalSection(SolutionProperties) = preSolution
		HideSolutionNode = FALSE
	EndGlobalSection
	GlobalSection(ExtensibilityGlobals) = postSolution
		SolutionGuid = {33ADBE18-1851-48A2-ADFA-40EE0F88639B}
	EndGlobalSection
EndGlobal
